
Microsoft Visual Studio Solution File, Format Version 12.00
# Visual Studio Version 16
VisualStudioVersion = 16.0.810.5
MinimumVisualStudioVersion = 10.0.40219.1
Project("{FAE04EC0-301F-11D3-BF4B-00C04F79EFBC}") = "LyfterOrders.iOS", "LyfterOrders.iOS\LyfterOrders.iOS.csproj", "{0194674B-9267-4FC6-B5FD-86B14C6AA6D5}"
EndProject
Project("{FAE04EC0-301F-11D3-BF4B-00C04F79EFBC}") = "LyfterOrders", "LyfterOrders\LyfterOrders.csproj", "{272AB46B-573D-4D6B-8103-0CBFEF005533}"
EndProject
Global
	GlobalSection(SolutionConfigurationPlatforms) = preSolution
		Debug|iPhoneSimulator = Debug|iPhoneSimulator
		Release|iPhoneSimulator = Release|iPhoneSimulator
		Debug|iPhone = Debug|iPhone
		Release|iPhone = Release|iPhone
		Debug|Any CPU = Debug|Any CPU
		Release|Any CPU = Release|Any CPU
	EndGlobalSection
	GlobalSection(ProjectConfigurationPlatforms) = postSolution
		{0194674B-9267-4FC6-B5FD-86B14C6AA6D5}.Debug|iPhoneSimulator.ActiveCfg = Debug|iPhoneSimulator
		{0194674B-9267-4FC6-B5FD-86B14C6AA6D5}.Debug|iPhoneSimulator.Build.0 = Debug|iPhoneSimulator
		{0194674B-9267-4FC6-B5FD-86B14C6AA6D5}.Release|iPhoneSimulator.ActiveCfg = Release|iPhoneSimulator
		{0194674B-9267-4FC6-B5FD-86B14C6AA6D5}.Release|iPhoneSimulator.Build.0 = Release|iPhoneSimulator
		{0194674B-9267-4FC6-B5FD-86B14C6AA6D5}.Debug|iPhone.ActiveCfg = Debug|iPhone
		{0194674B-9267-4FC6-B5FD-86B14C6AA6D5}.Debug|iPhone.Build.0 = Debug|iPhone
		{0194674B-9267-4FC6-B5FD-86B14C6AA6D5}.Release|iPhone.ActiveCfg = Release|iPhone
		{0194674B-9267-4FC6-B5FD-86B14C6AA6D5}.Release|iPhone.Build.0 = Release|iPhone
		{0194674B-9267-4FC6-B5FD-86B14C6AA6D5}.Debug|Any CPU.ActiveCfg = Debug|iPhoneSimulator
		{0194674B-9267-4FC6-B5FD-86B14C6AA6D5}.Debug|Any CPU.Build.0 = Debug|iPhoneSimulator
		{0194674B-9267-4FC6-B5FD-86B14C6AA6D5}.Release|Any CPU.ActiveCfg = Release|iPhoneSimulator
		{0194674B-9267-4FC6-B5FD-86B14C6AA6D5}.Release|Any CPU.Build.0 = Release|iPhoneSimulator
		{272AB46B-573D-4D6B-8103-0CBFEF005533}.Debug|iPhoneSimulator.ActiveCfg = Debug|Any CPU
		{272AB46B-573D-4D6B-8103-0CBFEF005533}.Debug|iPhoneSimulator.Build.0 = Debug|Any CPU
		{272AB46B-573D-4D6B-8103-0CBFEF005533}.Release|iPhoneSimulator.ActiveCfg = Release|Any CPU
		{272AB46B-573D-4D6B-8103-0CBFEF005533}.Release|iPhoneSimulator.Build.0 = Release|Any CPU
		{272AB46B-573D-4D6B-8103-0CBFEF005533}.Debug|iPhone.ActiveCfg = Debug|Any CPU
		{272AB46B-573D-4D6B-8103-0CBFEF005533}.Debug|iPhone.Build.0 = Debug|Any CPU
		{272AB46B-573D-4D6B-8103-0CBFEF005533}.Release|iPhone.ActiveCfg = Release|Any CPU
		{272AB46B-573D-4D6B-8103-0CBFEF005533}.Release|iPhone.Build.0 = Release|Any CPU
		{272AB46B-573D-4D6B-8103-0CBFEF005533}.Debug|Any CPU.ActiveCfg = Debug|Any CPU
		{272AB46B-573D-4D6B-8103-0CBFEF005533}.Debug|Any CPU.Build.0 = Debug|Any CPU
		{272AB46B-573D-4D6B-8103-0CBFEF005533}.Release|Any CPU.ActiveCfg = Release|Any CPU
		{272AB46B-573D-4D6B-8103-0CBFEF005533}.Release|Any CPU.Build.0 = Release|Any CPU
	EndGlobalSection
	GlobalSection(SolutionProperties) = preSolution
		HideSolutionNode = FALSE
	EndGlobalSection
	GlobalSection(ExtensibilityGlobals) = postSolution
		SolutionGuid = {21AE8E7E-27FB-4ABB-9D14-52835AEC9126}
	EndGlobalSection
EndGlobal
